
Microsoft Visual Studio Solution File, Format Version 12.00
# Visual Studio Version 17
VisualStudioVersion = 17.13.35931.197 d17.13
MinimumVisualStudioVersion = 10.0.40219.1
Project("{FAE04EC0-301F-11D3-BF4B-00C04F79EFBC}") = "Student", "Student\Student.csproj", "{2E65F534-00BD-4CF1-8C02-2B3F558953EC}"
EndProject
Global
	GlobalSection(SolutionConfigurationPlatforms) = preSolution
		Debug|Any CPU = Debug|Any CPU
		Release|Any CPU = Release|Any CPU
	EndGlobalSection
	GlobalSection(ProjectConfigurationPlatforms) = postSolution
		{2E65F534-00BD-4CF1-8C02-2B3F558953EC}.Debug|Any CPU.ActiveCfg = Debug|Any CPU
		{2E65F534-00BD-4CF1-8C02-2B3F558953EC}.Debug|Any CPU.Build.0 = Debug|Any CPU
		{2E65F534-00BD-4CF1-8C02-2B3F558953EC}.Release|Any CPU.ActiveCfg = Release|Any CPU
		{2E65F534-00BD-4CF1-8C02-2B3F558953EC}.Release|Any CPU.Build.0 = Release|Any CPU
	EndGlobalSection
	GlobalSection(SolutionProperties) = preSolution
		HideSolutionNode = FALSE
	EndGlobalSection
	GlobalSection(ExtensibilityGlobals) = postSolution
		SolutionGuid = {22E3E6FB-E52C-41E9-A3FD-F6C1F9395CB3}
	EndGlobalSection
EndGlobal
